
Microsoft Visual Studio Solution File, Format Version 12.00
# Visual Studio Version 17
VisualStudioVersion = 17.5.33530.505
MinimumVisualStudioVersion = 10.0.40219.1
Project("{FAE04EC0-301F-11D3-BF4B-00C04F79EFBC}") = "MyNewsMvc", "MyNewsMvc\MyNewsMvc.csproj", "{4095ADA1-D78E-4B56-B935-39BE371EE865}"
EndProject
Project("{FAE04EC0-301F-11D3-BF4B-00C04F79EFBC}") = "MyNewsApi", "MyNewsApi\MyNewsApi.csproj", "{175FF8A6-B3A5-4CBD-B50E-172C8C1F1E1D}"
EndProject
Global
	GlobalSection(SolutionConfigurationPlatforms) = preSolution
		Debug|Any CPU = Debug|Any CPU
		Release|Any CPU = Release|Any CPU
	EndGlobalSection
	GlobalSection(ProjectConfigurationPlatforms) = postSolution
		{4095ADA1-D78E-4B56-B935-39BE371EE865}.Debug|Any CPU.ActiveCfg = Debug|Any CPU
		{4095ADA1-D78E-4B56-B935-39BE371EE865}.Debug|Any CPU.Build.0 = Debug|Any CPU
		{4095ADA1-D78E-4B56-B935-39BE371EE865}.Release|Any CPU.ActiveCfg = Release|Any CPU
		{4095ADA1-D78E-4B56-B935-39BE371EE865}.Release|Any CPU.Build.0 = Release|Any CPU
		{175FF8A6-B3A5-4CBD-B50E-172C8C1F1E1D}.Debug|Any CPU.ActiveCfg = Debug|Any CPU
		{175FF8A6-B3A5-4CBD-B50E-172C8C1F1E1D}.Debug|Any CPU.Build.0 = Debug|Any CPU
		{175FF8A6-B3A5-4CBD-B50E-172C8C1F1E1D}.Release|Any CPU.ActiveCfg = Release|Any CPU
		{175FF8A6-B3A5-4CBD-B50E-172C8C1F1E1D}.Release|Any CPU.Build.0 = Release|Any CPU
	EndGlobalSection
	GlobalSection(SolutionProperties) = preSolution
		HideSolutionNode = FALSE
	EndGlobalSection
	GlobalSection(ExtensibilityGlobals) = postSolution
		SolutionGuid = {19AF66D4-49E6-4164-87B0-E15406FAA738}
	EndGlobalSection
EndGlobal
